
Microsoft Visual Studio Solution File, Format Version 12.00
# Visual Studio Version 17
VisualStudioVersion = 17.7.34221.43
MinimumVisualStudioVersion = 10.0.40219.1
Project("{FAE04EC0-301F-11D3-BF4B-00C04F79EFBC}") = "SystemProject", "Practice\SystemProject.csproj", "{48D8952D-DA7A-48E0-9F5E-552FAAE9F4E3}"
EndProject
Global
	GlobalSection(SolutionConfigurationPlatforms) = preSolution
		Debug|Any CPU = Debug|Any CPU
		Release|Any CPU = Release|Any CPU
	EndGlobalSection
	GlobalSection(ProjectConfigurationPlatforms) = postSolution
		{48D8952D-DA7A-48E0-9F5E-552FAAE9F4E3}.Debug|Any CPU.ActiveCfg = Debug|Any CPU
		{48D8952D-DA7A-48E0-9F5E-552FAAE9F4E3}.Debug|Any CPU.Build.0 = Debug|Any CPU
		{48D8952D-DA7A-48E0-9F5E-552FAAE9F4E3}.Release|Any CPU.ActiveCfg = Release|Any CPU
		{48D8952D-DA7A-48E0-9F5E-552FAAE9F4E3}.Release|Any CPU.Build.0 = Release|Any CPU
	EndGlobalSection
	GlobalSection(SolutionProperties) = preSolution
		HideSolutionNode = FALSE
	EndGlobalSection
	GlobalSection(ExtensibilityGlobals) = postSolution
		SolutionGuid = {EA6FDE08-AD87-4766-BD76-91BD76BACEC4}
	EndGlobalSection
EndGlobal
